
Microsoft Visual Studio Solution File, Format Version 12.00
# Visual Studio Version 17
VisualStudioVersion = 17.7.34031.279
MinimumVisualStudioVersion = 10.0.40219.1
Project("{FAE04EC0-301F-11D3-BF4B-00C04F79EFBC}") = "Textbased_RPG_AdrianDorey", "Textbased_RPG_AdrianDorey\Textbased_RPG_AdrianDorey.csproj", "{9BFE820E-0B8B-4888-B45F-35F92F9CEC78}"
EndProject
Global
	GlobalSection(SolutionConfigurationPlatforms) = preSolution
		Debug|Any CPU = Debug|Any CPU
		Release|Any CPU = Release|Any CPU
	EndGlobalSection
	GlobalSection(ProjectConfigurationPlatforms) = postSolution
		{9BFE820E-0B8B-4888-B45F-35F92F9CEC78}.Debug|Any CPU.ActiveCfg = Debug|Any CPU
		{9BFE820E-0B8B-4888-B45F-35F92F9CEC78}.Debug|Any CPU.Build.0 = Debug|Any CPU
		{9BFE820E-0B8B-4888-B45F-35F92F9CEC78}.Release|Any CPU.ActiveCfg = Release|Any CPU
		{9BFE820E-0B8B-4888-B45F-35F92F9CEC78}.Release|Any CPU.Build.0 = Release|Any CPU
	EndGlobalSection
	GlobalSection(SolutionProperties) = preSolution
		HideSolutionNode = FALSE
	EndGlobalSection
	GlobalSection(ExtensibilityGlobals) = postSolution
		SolutionGuid = {B234C1EB-6476-47B5-864B-51AE21D1F7B9}
	EndGlobalSection
EndGlobal
